PODS:
  - Alamofire (3.4.0)
  - CocoaLumberjack (2.3.0):
    - CocoaLumberjack/Default (= 2.3.0)
    - CocoaLumberjack/Extensions (= 2.3.0)
  - CocoaLumberjack/Core (2.3.0)
  - CocoaLumberjack/Default (2.3.0):
    - CocoaLumberjack/Core
  - CocoaLumberjack/Extensions (2.3.0):
    - CocoaLumberjack/Default
  - PubNub (4.3.3):
    - CocoaLumberjack (= 2.3.0)
    - PubNub/Core (= 4.3.3)
  - PubNub/Core (4.3.3):
    - CocoaLumberjack (= 2.3.0)

DEPENDENCIES:
  - Alamofire (~> 3.4)
  - PubNub

SPEC CHECKSUMS:
  Alamofire: c19a627cefd6a95f840401c49ab1f124e07f54ee
  CocoaLumberjack: 97fab7ee5f507fe54445cca7ea80f926729cfd15
  PubNub: 51acd937c947d931a75d2caef654fd12f7573e09

PODFILE CHECKSUM: dfaec771aa166181682fbe20aa588ab753611352

COCOAPODS: 1.0.0
