// !$*UTF8*$!
{
	archiveVersion = 1;
	classes = {
	};
	objectVersion = 46;
	objects = {

/* Begin PBXBuildFile section */
		4BE834FC1D21FDB100E65E3D /* AppDelegate.swift in Sources */ = {isa = PBXBuildFile; fileRef = 4BE834FB1D21FDB100E65E3D /* AppDelegate.swift */; };
		4BE835011D21FDB100E65E3D /* Main.storyboard in Resources */ = {isa = PBXBuildFile; fileRef = 4BE834FF1D21FDB100E65E3D /* Main.storyboard */; };
		4BE835031D21FDB100E65E3D /* Assets.xcassets in Resources */ = {isa = PBXBuildFile; fileRef = 4BE835021D21FDB100E65E3D /* Assets.xcassets */; };
		4BE835061D21FDB100E65E3D /* LaunchScreen.storyboard in Resources */ = {isa = PBXBuildFile; fileRef = 4BE835041D21FDB100E65E3D /* LaunchScreen.storyboard */; };
		4BE835111D21FDB100E65E3D /* RadioStationTests.swift in Sources */ = {isa = PBXBuildFile; fileRef = 4BE835101D21FDB100E65E3D /* RadioStationTests.swift */; };
		4BE8351C1D21FDB200E65E3D /* RadioStationUITests.swift in Sources */ = {isa = PBXBuildFile; fileRef = 4BE8351B1D21FDB200E65E3D /* RadioStationUITests.swift */; };
		4BE8352A1D21FDD400E65E3D /* CreateQueueViewController.swift in Sources */ = {isa = PBXBuildFile; fileRef = 4BE835291D21FDD300E65E3D /* CreateQueueViewController.swift */; };
		4BE8352C1D21FDF500E65E3D /* MusicPlayerViewController.swift in Sources */ = {isa = PBXBuildFile; fileRef = 4BE8352B1D21FDF500E65E3D /* MusicPlayerViewController.swift */; };
		4BE8352E1D21FE0300E65E3D /* StationListViewController.swift in Sources */ = {isa = PBXBuildFile; fileRef = 4BE8352D1D21FE0300E65E3D /* StationListViewController.swift */; };
		4BE835301D21FE1100E65E3D /* StationViewController.swift in Sources */ = {isa = PBXBuildFile; fileRef = 4BE8352F1D21FE1100E65E3D /* StationViewController.swift */; };
		F5971BD061A162A9C1323F17 /* Pods_RadioStation.framework in Frameworks */ = {isa = PBXBuildFile; fileRef = A755BB17D58EFDFC64110E98 /* Pods_RadioStation.framework */; };
/* End PBXBuildFile section */

/* Begin PBXContainerItemProxy section */
		4BE8350D1D21FDB100E65E3D /* PBXContainerItemProxy */ = {
			isa = PBXContainerItemProxy;
			containerPortal = 4BE834F01D21FDB100E65E3D /* Project object */;
			proxyType = 1;
			remoteGlobalIDString = 4BE834F71D21FDB100E65E3D;
			remoteInfo = RadioStation;
		};
		4BE835181D21FDB200E65E3D /* PBXContainerItemProxy */ = {
			isa = PBXContainerItemProxy;
			containerPortal = 4BE834F01D21FDB100E65E3D /* Project object */;
			proxyType = 1;
			remoteGlobalIDString = 4BE834F71D21FDB100E65E3D;
			remoteInfo = RadioStation;
		};
/* End PBXContainerItemProxy section */

/* Begin PBXFileReference section */
		45C59B5BFAF48B31899934F9 /* Pods-RadioStation.debug.xcconfig */ = {isa = PBXFileReference; includeInIndex = 1; lastKnownFileType = text.xcconfig; name = "Pods-RadioStation.debug.xcconfig"; path = "Pods/Target Support Files/Pods-RadioStation/Pods-RadioStation.debug.xcconfig"; sourceTree = "<group>"; };
		4BE834F81D21FDB100E65E3D /* RadioStation.app */ = {isa = PBXFileReference; explicitFileType = wrapper.application; includeInIndex = 0; path = RadioStation.app; sourceTree = BUILT_PRODUCTS_DIR; };
		4BE834FB1D21FDB100E65E3D /* AppDelegate.swift */ = {isa = PBXFileReference; lastKnownFileType = sourcecode.swift; path = AppDelegate.swift; sourceTree = "<group>"; };
		4BE835001D21FDB100E65E3D /* Base */ = {isa = PBXFileReference; lastKnownFileType = file.storyboard; name = Base; path = Base.lproj/Main.storyboard; sourceTree = "<group>"; };
		4BE835021D21FDB100E65E3D /* Assets.xcassets */ = {isa = PBXFileReference; lastKnownFileType = folder.assetcatalog; path = Assets.xcassets; sourceTree = "<group>"; };
		4BE835051D21FDB100E65E3D /* Base */ = {isa = PBXFileReference; lastKnownFileType = file.storyboard; name = Base; path = Base.lproj/LaunchScreen.storyboard; sourceTree = "<group>"; };
		4BE835071D21FDB100E65E3D /* Info.plist */ = {isa = PBXFileReference; lastKnownFileType = text.plist.xml; path = Info.plist; sourceTree = "<group>"; };
		4BE8350C1D21FDB100E65E3D /* RadioStationTests.xctest */ = {isa = PBXFileReference; explicitFileType = wrapper.cfbundle; includeInIndex = 0; path = RadioStationTests.xctest; sourceTree = BUILT_PRODUCTS_DIR; };
		4BE835101D21FDB100E65E3D /* RadioStationTests.swift */ = {isa = PBXFileReference; lastKnownFileType = sourcecode.swift; path = RadioStationTests.swift; sourceTree = "<group>"; };
		4BE835121D21FDB100E65E3D /* Info.plist */ = {isa = PBXFileReference; lastKnownFileType = text.plist.xml; path = Info.plist; sourceTree = "<group>"; };
		4BE835171D21FDB200E65E3D /* RadioStationUITests.xctest */ = {isa = PBXFileReference; explicitFileType = wrapper.cfbundle; includeInIndex = 0; path = RadioStationUITests.xctest; sourceTree = BUILT_PRODUCTS_DIR; };
		4BE8351B1D21FDB200E65E3D /* RadioStationUITests.swift */ = {isa = PBXFileReference; lastKnownFileType = sourcecode.swift; path = RadioStationUITests.swift; sourceTree = "<group>"; };
		4BE8351D1D21FDB200E65E3D /* Info.plist */ = {isa = PBXFileReference; lastKnownFileType = text.plist.xml; path = Info.plist; sourceTree = "<group>"; };
		4BE835291D21FDD300E65E3D /* CreateQueueViewController.swift */ = {isa = PBXFileReference; fileEncoding = 4; lastKnownFileType = sourcecode.swift; path = CreateQueueViewController.swift; sourceTree = "<group>"; };
		4BE8352B1D21FDF500E65E3D /* MusicPlayerViewController.swift */ = {isa = PBXFileReference; fileEncoding = 4; lastKnownFileType = sourcecode.swift; path = MusicPlayerViewController.swift; sourceTree = "<group>"; };
		4BE8352D1D21FE0300E65E3D /* StationListViewController.swift */ = {isa = PBXFileReference; fileEncoding = 4; lastKnownFileType = sourcecode.swift; path = StationListViewController.swift; sourceTree = "<group>"; };
		4BE8352F1D21FE1100E65E3D /* StationViewController.swift */ = {isa = PBXFileReference; fileEncoding = 4; lastKnownFileType = sourcecode.swift; path = StationViewController.swift; sourceTree = "<group>"; };
		A1A2F6ED5027BDAA867D03D0 /* Pods-RadioStation.release.xcconfig */ = {isa = PBXFileReference; includeInIndex = 1; lastKnownFileType = text.xcconfig; name = "Pods-RadioStation.release.xcconfig"; path = "Pods/Target Support Files/Pods-RadioStation/Pods-RadioStation.release.xcconfig"; sourceTree = "<group>"; };
		A755BB17D58EFDFC64110E98 /* Pods_RadioStation.framework */ = {isa = PBXFileReference; explicitFileType = wrapper.framework; includeInIndex = 0; path = Pods_RadioStation.framework; sourceTree = BUILT_PRODUCTS_DIR; };
/* End PBXFileReference section */

/* Begin PBXFrameworksBuildPhase section */
		4BE834F51D21FDB100E65E3D /* Frameworks */ = {
			isa = PBXFrameworksBuildPhase;
			buildActionMask = 2147483647;
			files = (
				F5971BD061A162A9C1323F17 /* Pods_RadioStation.framework in Frameworks */,
			);
			runOnlyForDeploymentPostprocessing = 0;
		};
		4BE835091D21FDB100E65E3D /* Frameworks */ = {
			isa = PBXFrameworksBuildPhase;
			buildActionMask = 2147483647;
			files = (
			);
			runOnlyForDeploymentPostprocessing = 0;
		};
		4BE835141D21FDB200E65E3D /* Frameworks */ = {
			isa = PBXFrameworksBuildPhase;
			buildActionMask = 2147483647;
			files = (
			);
			runOnlyForDeploymentPostprocessing = 0;
		};
/* End PBXFrameworksBuildPhase section */

/* Begin PBXGroup section */
		233BFB41B926C8BDFAB5A5D5 /* Pods */ = {
			isa = PBXGroup;
			children = (
				45C59B5BFAF48B31899934F9 /* Pods-RadioStation.debug.xcconfig */,
				A1A2F6ED5027BDAA867D03D0 /* Pods-RadioStation.release.xcconfig */,
			);
			name = Pods;
			sourceTree = "<group>";
		};
		259728E085857C9807ECF2D6 /* Frameworks */ = {
			isa = PBXGroup;
			children = (
				A755BB17D58EFDFC64110E98 /* Pods_RadioStation.framework */,
			);
			name = Frameworks;
			sourceTree = "<group>";
		};
		4BE834EF1D21FDB100E65E3D = {
			isa = PBXGroup;
			children = (
				4BE834FA1D21FDB100E65E3D /* RadioStation */,
				4BE8350F1D21FDB100E65E3D /* RadioStationTests */,
				4BE8351A1D21FDB200E65E3D /* RadioStationUITests */,
				4BE834F91D21FDB100E65E3D /* Products */,
				233BFB41B926C8BDFAB5A5D5 /* Pods */,
				259728E085857C9807ECF2D6 /* Frameworks */,
			);
			sourceTree = "<group>";
		};
		4BE834F91D21FDB100E65E3D /* Products */ = {
			isa = PBXGroup;
			children = (
				4BE834F81D21FDB100E65E3D /* RadioStation.app */,
				4BE8350C1D21FDB100E65E3D /* RadioStationTests.xctest */,
				4BE835171D21FDB200E65E3D /* RadioStationUITests.xctest */,
			);
			name = Products;
			sourceTree = "<group>";
		};
		4BE834FA1D21FDB100E65E3D /* RadioStation */ = {
			isa = PBXGroup;
			children = (
				4BE834FB1D21FDB100E65E3D /* AppDelegate.swift */,
				4BE835291D21FDD300E65E3D /* CreateQueueViewController.swift */,
				4BE8352B1D21FDF500E65E3D /* MusicPlayerViewController.swift */,
				4BE8352D1D21FE0300E65E3D /* StationListViewController.swift */,
				4BE8352F1D21FE1100E65E3D /* StationViewController.swift */,
				4BE834FF1D21FDB100E65E3D /* Main.storyboard */,
				4BE835021D21FDB100E65E3D /* Assets.xcassets */,
				4BE835041D21FDB100E65E3D /* LaunchScreen.storyboard */,
				4BE835071D21FDB100E65E3D /* Info.plist */,
			);
			path = RadioStation;
			sourceTree = "<group>";
		};
		4BE8350F1D21FDB100E65E3D /* RadioStationTests */ = {
			isa = PBXGroup;
			children = (
				4BE835101D21FDB100E65E3D /* RadioStationTests.swift */,
				4BE835121D21FDB100E65E3D /* Info.plist */,
			);
			path = RadioStationTests;
			sourceTree = "<group>";
		};
		4BE8351A1D21FDB200E65E3D /* RadioStationUITests */ = {
			isa = PBXGroup;
			children = (
				4BE8351B1D21FDB200E65E3D /* RadioStationUITests.swift */,
				4BE8351D1D21FDB200E65E3D /* Info.plist */,
			);
			path = RadioStationUITests;
			sourceTree = "<group>";
		};
/* End PBXGroup section */

/* Begin PBXNativeTarget section */
		4BE834F71D21FDB100E65E3D /* RadioStation */ = {
			isa = PBXNativeTarget;
			buildConfigurationList = 4BE835201D21FDB200E65E3D /* Build configuration list for PBXNativeTarget "RadioStation" */;
			buildPhases = (
				8D07ED87AECCB2CBFA2B065D /* [CP] Check Pods Manifest.lock */,
				4BE834F41D21FDB100E65E3D /* Sources */,
				4BE834F51D21FDB100E65E3D /* Frameworks */,
				4BE834F61D21FDB100E65E3D /* Resources */,
				039F851AF5F975A5254B25CC /* [CP] Embed Pods Frameworks */,
				CDC5621DF8953E3D3744451C /* [CP] Copy Pods Resources */,
			);
			buildRules = (
			);
			dependencies = (
			);
			name = RadioStation;
			productName = RadioStation;
			productReference = 4BE834F81D21FDB100E65E3D /* RadioStation.app */;
			productType = "com.apple.product-type.application";
		};
		4BE8350B1D21FDB100E65E3D /* RadioStationTests */ = {
			isa = PBXNativeTarget;
			buildConfigurationList = 4BE835231D21FDB200E65E3D /* Build configuration list for PBXNativeTarget "RadioStationTests" */;
			buildPhases = (
				4BE835081D21FDB100E65E3D /* Sources */,
				4BE835091D21FDB100E65E3D /* Frameworks */,
				4BE8350A1D21FDB100E65E3D /* Resources */,
			);
			buildRules = (
			);
			dependencies = (
				4BE8350E1D21FDB100E65E3D /* PBXTargetDependency */,
			);
			name = RadioStationTests;
			productName = RadioStationTests;
			productReference = 4BE8350C1D21FDB100E65E3D /* RadioStationTests.xctest */;
			productType = "com.apple.product-type.bundle.unit-test";
		};
		4BE835161D21FDB200E65E3D /* RadioStationUITests */ = {
			isa = PBXNativeTarget;
			buildConfigurationList = 4BE835261D21FDB200E65E3D /* Build configuration list for PBXNativeTarget "RadioStationUITests" */;
			buildPhases = (
				4BE835131D21FDB200E65E3D /* Sources */,
				4BE835141D21FDB200E65E3D /* Frameworks */,
				4BE835151D21FDB200E65E3D /* Resources */,
			);
			buildRules = (
			);
			dependencies = (
				4BE835191D21FDB200E65E3D /* PBXTargetDependency */,
			);
			name = RadioStationUITests;
			productName = RadioStationUITests;
			productReference = 4BE835171D21FDB200E65E3D /* RadioStationUITests.xctest */;
			productType = "com.apple.product-type.bundle.ui-testing";
		};
/* End PBXNativeTarget section */

/* Begin PBXProject section */
		4BE834F01D21FDB100E65E3D /* Project object */ = {
			isa = PBXProject;
			attributes = {
				LastSwiftUpdateCheck = 0730;
				LastUpgradeCheck = 0730;
				ORGANIZATIONNAME = PubNub;
				TargetAttributes = {
					4BE834F71D21FDB100E65E3D = {
						CreatedOnToolsVersion = 7.3.1;
						DevelopmentTeam = ADZM66J8M5;
						SystemCapabilities = {
							com.apple.BackgroundModes = {
								enabled = 1;
							};
						};
					};
					4BE8350B1D21FDB100E65E3D = {
						CreatedOnToolsVersion = 7.3.1;
						TestTargetID = 4BE834F71D21FDB100E65E3D;
					};
					4BE835161D21FDB200E65E3D = {
						CreatedOnToolsVersion = 7.3.1;
						TestTargetID = 4BE834F71D21FDB100E65E3D;
					};
				};
			};
			buildConfigurationList = 4BE834F31D21FDB100E65E3D /* Build configuration list for PBXProject "RadioStation" */;
			compatibilityVersion = "Xcode 3.2";
			developmentRegion = English;
			hasScannedForEncodings = 0;
			knownRegions = (
				en,
				Base,
			);
			mainGroup = 4BE834EF1D21FDB100E65E3D;
			productRefGroup = 4BE834F91D21FDB100E65E3D /* Products */;
			projectDirPath = "";
			projectRoot = "";
			targets = (
				4BE834F71D21FDB100E65E3D /* RadioStation */,
				4BE8350B1D21FDB100E65E3D /* RadioStationTests */,
				4BE835161D21FDB200E65E3D /* RadioStationUITests */,
			);
		};
/* End PBXProject section */

/* Begin PBXResourcesBuildPhase section */
		4BE834F61D21FDB100E65E3D /* Resources */ = {
			isa = PBXResourcesBuildPhase;
			buildActionMask = 2147483647;
			files = (
				4BE835061D21FDB100E65E3D /* LaunchScreen.storyboard in Resources */,
				4BE835031D21FDB100E65E3D /* Assets.xcassets in Resources */,
				4BE835011D21FDB100E65E3D /* Main.storyboard in Resources */,
			);
			runOnlyForDeploymentPostprocessing = 0;
		};
		4BE8350A1D21FDB100E65E3D /* Resources */ = {
			isa = PBXResourcesBuildPhase;
			buildActionMask = 2147483647;
			files = (
			);
			runOnlyForDeploymentPostprocessing = 0;
		};
		4BE835151D21FDB200E65E3D /* Resources */ = {
			isa = PBXResourcesBuildPhase;
			buildActionMask = 2147483647;
			files = (
			);
			runOnlyForDeploymentPostprocessing = 0;
		};
/* End PBXResourcesBuildPhase section */

/* Begin PBXShellScriptBuildPhase section */
		039F851AF5F975A5254B25CC /* [CP] Embed Pods Frameworks */ = {
			isa = PBXShellScriptBuildPhase;
			buildActionMask = 2147483647;
			files = (
			);
			inputPaths = (
			);
			name = "[CP] Embed Pods Frameworks";
			outputPaths = (
			);
			runOnlyForDeploymentPostprocessing = 0;
			shellPath = /bin/sh;
			shellScript = "\"${SRCROOT}/Pods/Target Support Files/Pods-RadioStation/Pods-RadioStation-frameworks.sh\"\n";
			showEnvVarsInLog = 0;
		};
		8D07ED87AECCB2CBFA2B065D /* [CP] Check Pods Manifest.lock */ = {
			isa = PBXShellScriptBuildPhase;
			buildActionMask = 2147483647;
			files = (
			);
			inputPaths = (
			);
			name = "[CP] Check Pods Manifest.lock";
			outputPaths = (
			);
			runOnlyForDeploymentPostprocessing = 0;
			shellPath = /bin/sh;
			shellScript = "diff \"${PODS_ROOT}/../Podfile.lock\" \"${PODS_ROOT}/Manifest.lock\" > /dev/null\nif [[ $? != 0 ]] ; then\n    cat << EOM\nerror: The sandbox is not in sync with the Podfile.lock. Run 'pod install' or update your CocoaPods installation.\nEOM\n    exit 1\nfi\n";
			showEnvVarsInLog = 0;
		};
		CDC5621DF8953E3D3744451C /* [CP] Copy Pods Resources */ = {
			isa = PBXShellScriptBuildPhase;
			buildActionMask = 2147483647;
			files = (
			);
			inputPaths = (
			);
			name = "[CP] Copy Pods Resources";
			outputPaths = (
			);
			runOnlyForDeploymentPostprocessing = 0;
			shellPath = /bin/sh;
			shellScript = "\"${SRCROOT}/Pods/Target Support Files/Pods-RadioStation/Pods-RadioStation-resources.sh\"\n";
			showEnvVarsInLog = 0;
		};
/* End PBXShellScriptBuildPhase section */

/* Begin PBXSourcesBuildPhase section */
		4BE834F41D21FDB100E65E3D /* Sources */ = {
			isa = PBXSourcesBuildPhase;
			buildActionMask = 2147483647;
			files = (
				4BE8352A1D21FDD400E65E3D /* CreateQueueViewController.swift in Sources */,
				4BE8352C1D21FDF500E65E3D /* MusicPlayerViewController.swift in Sources */,
				4BE834FC1D21FDB100E65E3D /* AppDelegate.swift in Sources */,
				4BE8352E1D21FE0300E65E3D /* StationListViewController.swift in Sources */,
				4BE835301D21FE1100E65E3D /* StationViewController.swift in Sources */,
			);
			runOnlyForDeploymentPostprocessing = 0;
		};
		4BE835081D21FDB100E65E3D /* Sources */ = {
			isa = PBXSourcesBuildPhase;
			buildActionMask = 2147483647;
			files = (
				4BE835111D21FDB100E65E3D /* RadioStationTests.swift in Sources */,
			);
			runOnlyForDeploymentPostprocessing = 0;
		};
		4BE835131D21FDB200E65E3D /* Sources */ = {
			isa = PBXSourcesBuildPhase;
			buildActionMask = 2147483647;
			files = (
				4BE8351C1D21FDB200E65E3D /* RadioStationUITests.swift in Sources */,
			);
			runOnlyForDeploymentPostprocessing = 0;
		};
/* End PBXSourcesBuildPhase section */

/* Begin PBXTargetDependency section */
		4BE8350E1D21FDB100E65E3D /* PBXTargetDependency */ = {
			isa = PBXTargetDependency;
			target = 4BE834F71D21FDB100E65E3D /* RadioStation */;
			targetProxy = 4BE8350D1D21FDB100E65E3D /* PBXContainerItemProxy */;
		};
		4BE835191D21FDB200E65E3D /* PBXTargetDependency */ = {
			isa = PBXTargetDependency;
			target = 4BE834F71D21FDB100E65E3D /* RadioStation */;
			targetProxy = 4BE835181D21FDB200E65E3D /* PBXContainerItemProxy */;
		};
/* End PBXTargetDependency section */

/* Begin PBXVariantGroup section */
		4BE834FF1D21FDB100E65E3D /* Main.storyboard */ = {
			isa = PBXVariantGroup;
			children = (
				4BE835001D21FDB100E65E3D /* Base */,
			);
			name = Main.storyboard;
			sourceTree = "<group>";
		};
		4BE835041D21FDB100E65E3D /* LaunchScreen.storyboard */ = {
			isa = PBXVariantGroup;
			children = (
				4BE835051D21FDB100E65E3D /* Base */,
			);
			name = LaunchScreen.storyboard;
			sourceTree = "<group>";
		};
/* End PBXVariantGroup section */

/* Begin XCBuildConfiguration section */
		4BE8351E1D21FDB200E65E3D /* Debug */ = {
			isa = XCBuildConfiguration;
			buildSettings = {
				ALWAYS_SEARCH_USER_PATHS = NO;
				CLANG_ANALYZER_NONNULL = YES;
				CLANG_CXX_LANGUAGE_STANDARD = "gnu++0x";
				CLANG_CXX_LIBRARY = "libc++";
				CLANG_ENABLE_MODULES = YES;
				CLANG_ENABLE_OBJC_ARC = YES;
				CLANG_WARN_BOOL_CONVERSION = YES;
				CLANG_WARN_CONSTANT_CONVERSION = YES;
				CLANG_WARN_DIRECT_OBJC_ISA_USAGE = YES_ERROR;
				CLANG_WARN_EMPTY_BODY = YES;
				CLANG_WARN_ENUM_CONVERSION = YES;
				CLANG_WARN_INT_CONVERSION = YES;
				CLANG_WARN_OBJC_ROOT_CLASS = YES_ERROR;
				CLANG_WARN_UNREACHABLE_CODE = YES;
				CLANG_WARN__DUPLICATE_METHOD_MATCH = YES;
				"CODE_SIGN_IDENTITY[sdk=iphoneos*]" = "iPhone Developer";
				COPY_PHASE_STRIP = NO;
				DEBUG_INFORMATION_FORMAT = dwarf;
				ENABLE_STRICT_OBJC_MSGSEND = YES;
				ENABLE_TESTABILITY = YES;
				GCC_C_LANGUAGE_STANDARD = gnu99;
				GCC_DYNAMIC_NO_PIC = NO;
				GCC_NO_COMMON_BLOCKS = YES;
				GCC_OPTIMIZATION_LEVEL = 0;
				GCC_PREPROCESSOR_DEFINITIONS = (
					"DEBUG=1",
					"$(inherited)",
				);
				GCC_WARN_64_TO_32_BIT_CONVERSION = YES;
				GCC_WARN_ABOUT_RETURN_TYPE = YES_ERROR;
				GCC_WARN_UNDECLARED_SELECTOR = YES;
				GCC_WARN_UNINITIALIZED_AUTOS = YES_AGGRESSIVE;
				GCC_WARN_UNUSED_FUNCTION = YES;
				GCC_WARN_UNUSED_VARIABLE = YES;
				IPHONEOS_DEPLOYMENT_TARGET = 9.3;
				MTL_ENABLE_DEBUG_INFO = YES;
				ONLY_ACTIVE_ARCH = YES;
				SDKROOT = iphoneos;
				SWIFT_OPTIMIZATION_LEVEL = "-Onone";
				TARGETED_DEVICE_FAMILY = "1,2";
			};
			name = Debug;
		};
		4BE8351F1D21FDB200E65E3D /* Release */ = {
			isa = XCBuildConfiguration;
			buildSettings = {
				ALWAYS_SEARCH_USER_PATHS = NO;
				CLANG_ANALYZER_NONNULL = YES;
				CLANG_CXX_LANGUAGE_STANDARD = "gnu++0x";
				CLANG_CXX_LIBRARY = "libc++";
				CLANG_ENABLE_MODULES = YES;
				CLANG_ENABLE_OBJC_ARC = YES;
				CLANG_WARN_BOOL_CONVERSION = YES;
				CLANG_WARN_CONSTANT_CONVERSION = YES;
				CLANG_WARN_DIRECT_OBJC_ISA_USAGE = YES_ERROR;
				CLANG_WARN_EMPTY_BODY = YES;
				CLANG_WARN_ENUM_CONVERSION = YES;
				CLANG_WARN_INT_CONVERSION = YES;
				CLANG_WARN_OBJC_ROOT_CLASS = YES_ERROR;
				CLANG_WARN_UNREACHABLE_CODE = YES;
				CLANG_WARN__DUPLICATE_METHOD_MATCH = YES;
				"CODE_SIGN_IDENTITY[sdk=iphoneos*]" = "iPhone Developer";
				COPY_PHASE_STRIP = NO;
				DEBUG_INFORMATION_FORMAT = "dwarf-with-dsym";
				ENABLE_NS_ASSERTIONS = NO;
				ENABLE_STRICT_OBJC_MSGSEND = YES;
				GCC_C_LANGUAGE_STANDARD = gnu99;
				GCC_NO_COMMON_BLOCKS = YES;
				GCC_WARN_64_TO_32_BIT_CONVERSION = YES;
				GCC_WARN_ABOUT_RETURN_TYPE = YES_ERROR;
				GCC_WARN_UNDECLARED_SELECTOR = YES;
				GCC_WARN_UNINITIALIZED_AUTOS = YES_AGGRESSIVE;
				GCC_WARN_UNUSED_FUNCTION = YES;
				GCC_WARN_UNUSED_VARIABLE = YES;
				IPHONEOS_DEPLOYMENT_TARGET = 9.3;
				MTL_ENABLE_DEBUG_INFO = NO;
				SDKROOT = iphoneos;
				TARGETED_DEVICE_FAMILY = "1,2";
				VALIDATE_PRODUCT = YES;
			};
			name = Release;
		};
		4BE835211D21FDB200E65E3D /* Debug */ = {
			isa = XCBuildConfiguration;
			baseConfigurationReference = 45C59B5BFAF48B31899934F9 /* Pods-RadioStation.debug.xcconfig */;
			buildSettings = {
				ASSETCATALOG_COMPILER_APPICON_NAME = AppIcon;
				CODE_SIGN_IDENTITY = "iPhone Developer";
				"CODE_SIGN_IDENTITY[sdk=iphoneos*]" = "iPhone Developer";
				INFOPLIST_FILE = RadioStation/Info.plist;
				LD_RUNPATH_SEARCH_PATHS = "$(inherited) @executable_path/Frameworks";
				PRODUCT_BUNDLE_IDENTIFIER = com.PubNub.RadioStation;
				PRODUCT_NAME = "$(TARGET_NAME)";
				PROVISIONING_PROFILE = "";
			};
			name = Debug;
		};
		4BE835221D21FDB200E65E3D /* Release */ = {
			isa = XCBuildConfiguration;
			baseConfigurationReference = A1A2F6ED5027BDAA867D03D0 /* Pods-RadioStation.release.xcconfig */;
			buildSettings = {
				ASSETCATALOG_COMPILER_APPICON_NAME = AppIcon;
				CODE_SIGN_IDENTITY = "iPhone Developer";
				"CODE_SIGN_IDENTITY[sdk=iphoneos*]" = "iPhone Developer";
				INFOPLIST_FILE = RadioStation/Info.plist;
				LD_RUNPATH_SEARCH_PATHS = "$(inherited) @executable_path/Frameworks";
				PRODUCT_BUNDLE_IDENTIFIER = com.PubNub.RadioStation;
				PRODUCT_NAME = "$(TARGET_NAME)";
				PROVISIONING_PROFILE = "";
			};
			name = Release;
		};
		4BE835241D21FDB200E65E3D /* Debug */ = {
			isa = XCBuildConfiguration;
			buildSettings = {
				BUNDLE_LOADER = "$(TEST_HOST)";
				INFOPLIST_FILE = RadioStationTests/Info.plist;
				LD_RUNPATH_SEARCH_PATHS = "$(inherited) @executable_path/Frameworks @loader_path/Frameworks";
				PRODUCT_BUNDLE_IDENTIFIER = com.PubNub.RadioStationTests;
				PRODUCT_NAME = "$(TARGET_NAME)";
				TEST_HOST = "$(BUILT_PRODUCTS_DIR)/RadioStation.app/RadioStation";
			};
			name = Debug;
		};
		4BE835251D21FDB200E65E3D /* Release */ = {
			isa = XCBuildConfiguration;
			buildSettings = {
				BUNDLE_LOADER = "$(TEST_HOST)";
				INFOPLIST_FILE = RadioStationTests/Info.plist;
				LD_RUNPATH_SEARCH_PATHS = "$(inherited) @executable_path/Frameworks @loader_path/Frameworks";
				PRODUCT_BUNDLE_IDENTIFIER = com.PubNub.RadioStationTests;
				PRODUCT_NAME = "$(TARGET_NAME)";
				TEST_HOST = "$(BUILT_PRODUCTS_DIR)/RadioStation.app/RadioStation";
			};
			name = Release;
		};
		4BE835271D21FDB200E65E3D /* Debug */ = {
			isa = XCBuildConfiguration;
			buildSettings = {
				INFOPLIST_FILE = RadioStationUITests/Info.plist;
				LD_RUNPATH_SEARCH_PATHS = "$(inherited) @executable_path/Frameworks @loader_path/Frameworks";
				PRODUCT_BUNDLE_IDENTIFIER = com.PubNub.RadioStationUITests;
				PRODUCT_NAME = "$(TARGET_NAME)";
				TEST_TARGET_NAME = RadioStation;
			};
			name = Debug;
		};
		4BE835281D21FDB200E65E3D /* Release */ = {
			isa = XCBuildConfiguration;
			buildSettings = {
				INFOPLIST_FILE = RadioStationUITests/Info.plist;
				LD_RUNPATH_SEARCH_PATHS = "$(inherited) @executable_path/Frameworks @loader_path/Frameworks";
				PRODUCT_BUNDLE_IDENTIFIER = com.PubNub.RadioStationUITests;
				PRODUCT_NAME = "$(TARGET_NAME)";
				TEST_TARGET_NAME = RadioStation;
			};
			name = Release;
		};
/* End XCBuildConfiguration section */

/* Begin XCConfigurationList section */
		4BE834F31D21FDB100E65E3D /* Build configuration list for PBXProject "RadioStation" */ = {
			isa = XCConfigurationList;
			buildConfigurations = (
				4BE8351E1D21FDB200E65E3D /* Debug */,
				4BE8351F1D21FDB200E65E3D /* Release */,
			);
			defaultConfigurationIsVisible = 0;
			defaultConfigurationName = Release;
		};
		4BE835201D21FDB200E65E3D /* Build configuration list for PBXNativeTarget "RadioStation" */ = {
			isa = XCConfigurationList;
			buildConfigurations = (
				4BE835211D21FDB200E65E3D /* Debug */,
				4BE835221D21FDB200E65E3D /* Release */,
			);
			defaultConfigurationIsVisible = 0;
			defaultConfigurationName = Release;
		};
		4BE835231D21FDB200E65E3D /* Build configuration list for PBXNativeTarget "RadioStationTests" */ = {
			isa = XCConfigurationList;
			buildConfigurations = (
				4BE835241D21FDB200E65E3D /* Debug */,
				4BE835251D21FDB200E65E3D /* Release */,
			);
			defaultConfigurationIsVisible = 0;
			defaultConfigurationName = Release;
		};
		4BE835261D21FDB200E65E3D /* Build configuration list for PBXNativeTarget "RadioStationUITests" */ = {
			isa = XCConfigurationList;
			buildConfigurations = (
				4BE835271D21FDB200E65E3D /* Debug */,
				4BE835281D21FDB200E65E3D /* Release */,
			);
			defaultConfigurationIsVisible = 0;
			defaultConfigurationName = Release;
		};
/* End XCConfigurationList section */
	};
	rootObject = 4BE834F01D21FDB100E65E3D /* Project object */;
}
